
Microsoft Visual Studio Solution File, Format Version 12.00
# Visual Studio Version 17
VisualStudioVersion = 17.11.35312.102
MinimumVisualStudioVersion = 10.0.40219.1
Project("{FAE04EC0-301F-11D3-BF4B-00C04F79EFBC}") = "Workify", "Workify\Workify.csproj", "{69D77292-BB6B-4DE3-A9D5-31A1DFF839E5}"
EndProject
Global
	GlobalSection(SolutionConfigurationPlatforms) = preSolution
		Debug|Any CPU = Debug|Any CPU
		Release|Any CPU = Release|Any CPU
	EndGlobalSection
	GlobalSection(ProjectConfigurationPlatforms) = postSolution
		{69D77292-BB6B-4DE3-A9D5-31A1DFF839E5}.Debug|Any CPU.ActiveCfg = Debug|Any CPU
		{69D77292-BB6B-4DE3-A9D5-31A1DFF839E5}.Debug|Any CPU.Build.0 = Debug|Any CPU
		{69D77292-BB6B-4DE3-A9D5-31A1DFF839E5}.Release|Any CPU.ActiveCfg = Release|Any CPU
		{69D77292-BB6B-4DE3-A9D5-31A1DFF839E5}.Release|Any CPU.Build.0 = Release|Any CPU
	EndGlobalSection
	GlobalSection(SolutionProperties) = preSolution
		HideSolutionNode = FALSE
	EndGlobalSection
	GlobalSection(ExtensibilityGlobals) = postSolution
		SolutionGuid = {38896B1B-61A5-4557-ADEC-622EB6BDAF42}
	EndGlobalSection
EndGlobal
